PODS:
  - Alamofire (5.0.0-rc.3)
  - expanding-collection (3.1.0)
  - Kingfisher (5.9.0):
    - Kingfisher/Core (= 5.9.0)
  - Kingfisher/Core (5.9.0)
  - Toaster (2.2.0)

DEPENDENCIES:
  - Alamofire (~> 5.0.0-rc.2)
  - expanding-collection
  - Kingfisher
  - Toaster

SPEC REPOS:
  trunk:
    - Alamofire
    - expanding-collection
    - Kingfisher
    - Toaster

SPEC CHECKSUMS:
  Alamofire: ca8c0de6906873be89d6deec5c8de279e00bf872
  expanding-collection: 7eb1fc48c6ec5e00c8887fe46c595c31b81b578a
  Kingfisher: ff98240aebb7302bdc4f1ecd701761030ce18b16
  Toaster: c1a81b376edcc2470157b4d1ee1e9341d3b96455

PODFILE CHECKSUM: b13e080d3b6d1f36d542fac2d6b547876984e7df

COCOAPODS: 1.8.4
