PODS:
  - Alamofire (5.0.0-rc.2)
  - expanding-collection (3.1.0)
  - GoogleMaps (3.4.0):
    - GoogleMaps/Maps (= 3.4.0)
  - GoogleMaps/Base (3.4.0)
  - GoogleMaps/Maps (3.4.0):
    - GoogleMaps/Base
  - Kingfisher (5.7.1)

DEPENDENCIES:
  - Alamofire (~> 5.0.0-rc.2)
  - expanding-collection
  - GoogleMaps
  - Kingfisher

SPEC REPOS:
  https://github.com/cocoapods/specs.git:
    - Alamofire
    - expanding-collection
    - GoogleMaps
    - Kingfisher

SPEC CHECKSUMS:
  Alamofire: f9450d3c7f6bea2ad62e7a541c3e9b186c7991d6
  expanding-collection: 7eb1fc48c6ec5e00c8887fe46c595c31b81b578a
  GoogleMaps: 67f4a604f80dd6a22d09c2a507a3a395b9f23060
  Kingfisher: 176d377ad339113c99ad4980cbae687f807e20fe

PODFILE CHECKSUM: bcb9863589d92d7af08f0bf70b51a4d4da110e8d

COCOAPODS: 1.7.5
