// !$*UTF8*$!
{
	archiveVersion = 1;
	classes = {
	};
	objectVersion = 51;
	objects = {

/* Begin PBXBuildFile section */
		37202920233854FB00AE7E5D /* AShowInMotionCollectionViewCell.swift in Sources */ = {isa = PBXBuildFile; fileRef = 3720291E233854FB00AE7E5D /* AShowInMotionCollectionViewCell.swift */; };
		37202921233854FB00AE7E5D /* AShowInMotionCollectionViewCell.xib in Resources */ = {isa = PBXBuildFile; fileRef = 3720291F233854FB00AE7E5D /* AShowInMotionCollectionViewCell.xib */; };
		372029232338AA9500AE7E5D /* MapVC.swift in Sources */ = {isa = PBXBuildFile; fileRef = 372029222338AA9500AE7E5D /* MapVC.swift */; };
		373CC93423399F140081104E /* SortAndGenreVC.swift in Sources */ = {isa = PBXBuildFile; fileRef = 373CC93323399F140081104E /* SortAndGenreVC.swift */; };
		374E9FF523390B130081E116 /* SoulSegmentedControl.swift in Sources */ = {isa = PBXBuildFile; fileRef = 374E9FF423390B130081E116 /* SoulSegmentedControl.swift */; };
		3753A72623324B530075592C /* AppDelegate.swift in Sources */ = {isa = PBXBuildFile; fileRef = 3753A72523324B530075592C /* AppDelegate.swift */; };
		3753A72B23324B530075592C /* Main.storyboard in Resources */ = {isa = PBXBuildFile; fileRef = 3753A72923324B530075592C /* Main.storyboard */; };
		3753A72D23324B560075592C /* Assets.xcassets in Resources */ = {isa = PBXBuildFile; fileRef = 3753A72C23324B560075592C /* Assets.xcassets */; };
		3753A73023324B560075592C /* LaunchScreen.storyboard in Resources */ = {isa = PBXBuildFile; fileRef = 3753A72E23324B560075592C /* LaunchScreen.storyboard */; };
		3753A74C2333C6DD0075592C /* HomeCollectionViewCell.swift in Sources */ = {isa = PBXBuildFile; fileRef = 3753A74A2333C6DD0075592C /* HomeCollectionViewCell.swift */; };
		3753A74D2333C6DD0075592C /* HomeCollectionViewCell.xib in Resources */ = {isa = PBXBuildFile; fileRef = 3753A74B2333C6DD0075592C /* HomeCollectionViewCell.xib */; };
		3753A7512334BC8B0075592C /* HomeVC.swift in Sources */ = {isa = PBXBuildFile; fileRef = 3753A7502334BC8B0075592C /* HomeVC.swift */; };
		3753A7582334C1840075592C /* Seoulnamsan_B.otf in Resources */ = {isa = PBXBuildFile; fileRef = 3753A7572334C17B0075592C /* Seoulnamsan_B.otf */; };
		3753A7592334C1870075592C /* Seoulnamsan_BL.otf in Resources */ = {isa = PBXBuildFile; fileRef = 3753A7532334C17A0075592C /* Seoulnamsan_BL.otf */; };
		3753A75A2334C18B0075592C /* Seoulnamsan_EB.otf in Resources */ = {isa = PBXBuildFile; fileRef = 3753A7542334C17B0075592C /* Seoulnamsan_EB.otf */; };
		3753A75B2334C18D0075592C /* Seoulnamsan_L.otf in Resources */ = {isa = PBXBuildFile; fileRef = 3753A7552334C17B0075592C /* Seoulnamsan_L.otf */; };
		3753A75C2334C1900075592C /* Seoulnamsan_M.otf in Resources */ = {isa = PBXBuildFile; fileRef = 3753A7562334C17B0075592C /* Seoulnamsan_M.otf */; };
		3753A76D2335B7360075592C /* 연우소극장.jpg in Resources */ = {isa = PBXBuildFile; fileRef = 3753A75E2335B7330075592C /* 연우소극장.jpg */; };
		3753A76E2335B7360075592C /* 대학로 스튜디오 76.jpg in Resources */ = {isa = PBXBuildFile; fileRef = 3753A75F2335B7330075592C /* 대학로 스튜디오 76.jpg */; };
		3753A76F2335B7360075592C /* 선돌극장.jpg in Resources */ = {isa = PBXBuildFile; fileRef = 3753A7602335B7330075592C /* 선돌극장.jpg */; };
		3753A7702335B7360075592C /* 소극장 혜화당.jpg in Resources */ = {isa = PBXBuildFile; fileRef = 3753A7612335B7340075592C /* 소극장 혜화당.jpg */; };
		3753A7712335B7360075592C /* 드림시어터.jpg in Resources */ = {isa = PBXBuildFile; fileRef = 3753A7622335B7340075592C /* 드림시어터.jpg */; };
		3753A7722335B7360075592C /* 극장 동국.jpg in Resources */ = {isa = PBXBuildFile; fileRef = 3753A7632335B7340075592C /* 극장 동국.jpg */; };
		3753A7732335B7360075592C /* 예술공간 오르다.jpg in Resources */ = {isa = PBXBuildFile; fileRef = 3753A7642335B7340075592C /* 예술공간 오르다.jpg */; };
		3753A7742335B7360075592C /* 아름다운극장.jpg in Resources */ = {isa = PBXBuildFile; fileRef = 3753A7652335B7350075592C /* 아름다운극장.jpg */; };
		3753A7752335B7360075592C /* 노을소극장.jpg in Resources */ = {isa = PBXBuildFile; fileRef = 3753A7662335B7350075592C /* 노을소극장.jpg */; };
		3753A7762335B7360075592C /* 예술공간 혜화.jpg in Resources */ = {isa = PBXBuildFile; fileRef = 3753A7672335B7350075592C /* 예술공간 혜화.jpg */; };
		3753A7772335B7360075592C /* 지즐소극장.jpg in Resources */ = {isa = PBXBuildFile; fileRef = 3753A7682335B7350075592C /* 지즐소극장.jpg */; };
		3753A7782335B7360075592C /* 나온씨어터.jpg in Resources */ = {isa = PBXBuildFile; fileRef = 3753A7692335B7350075592C /* 나온씨어터.jpg */; };
		3753A7792335B7360075592C /* 연극실험실 혜화동1번지.jpg in Resources */ = {isa = PBXBuildFile; fileRef = 3753A76A2335B7350075592C /* 연극실험실 혜화동1번지.jpg */; };
		3753A77A2335B7360075592C /* 예술공간 서울.jpg in Resources */ = {isa = PBXBuildFile; fileRef = 3753A76B2335B7350075592C /* 예술공간 서울.jpg */; };
		3753A77B2335B7360075592C /* 소극장 공유.jpg in Resources */ = {isa = PBXBuildFile; fileRef = 3753A76C2335B7360075592C /* 소극장 공유.jpg */; };
		377C30812336114800547904 /* SearchVC.swift in Sources */ = {isa = PBXBuildFile; fileRef = 377C30802336114800547904 /* SearchVC.swift */; };
		377C30852336160800547904 /* SearchHistoryTableViewCell.swift in Sources */ = {isa = PBXBuildFile; fileRef = 377C30832336160800547904 /* SearchHistoryTableViewCell.swift */; };
		377C30862336160800547904 /* SearchHistoryTableViewCell.xib in Resources */ = {isa = PBXBuildFile; fileRef = 377C30842336160800547904 /* SearchHistoryTableViewCell.xib */; };
		377C308923361EE600547904 /* SearchShowTableViewCell.swift in Sources */ = {isa = PBXBuildFile; fileRef = 377C308723361EE600547904 /* SearchShowTableViewCell.swift */; };
		377C308A23361EE600547904 /* SearchShowTableViewCell.xib in Resources */ = {isa = PBXBuildFile; fileRef = 377C308823361EE600547904 /* SearchShowTableViewCell.xib */; };
		377C308D23361F2100547904 /* SearchTheaterTableViewCell.swift in Sources */ = {isa = PBXBuildFile; fileRef = 377C308B23361F2100547904 /* SearchTheaterTableViewCell.swift */; };
		377C308E23361F2100547904 /* SearchTheaterTableViewCell.xib in Resources */ = {isa = PBXBuildFile; fileRef = 377C308C23361F2100547904 /* SearchTheaterTableViewCell.xib */; };
		377C309023362D3700547904 /* Color.swift in Sources */ = {isa = PBXBuildFile; fileRef = 377C308F23362D3700547904 /* Color.swift */; };
		379C6B3C233798600071D552 /* InfoShowTableViewCell.swift in Sources */ = {isa = PBXBuildFile; fileRef = 379C6B3A233798600071D552 /* InfoShowTableViewCell.swift */; };
		379C6B3D233798600071D552 /* InfoShowTableViewCell.xib in Resources */ = {isa = PBXBuildFile; fileRef = 379C6B3B233798600071D552 /* InfoShowTableViewCell.xib */; };
		379C6B40233798820071D552 /* InfoTheaterTableViewCell.swift in Sources */ = {isa = PBXBuildFile; fileRef = 379C6B3E233798820071D552 /* InfoTheaterTableViewCell.swift */; };
		379C6B41233798820071D552 /* InfoTheaterTableViewCell.xib in Resources */ = {isa = PBXBuildFile; fileRef = 379C6B3F233798820071D552 /* InfoTheaterTableViewCell.xib */; };
		379C6B432337D3000071D552 /* Base.swift in Sources */ = {isa = PBXBuildFile; fileRef = 379C6B422337D3000071D552 /* Base.swift */; };
		379C6B492337D9B40071D552 /* ShowDetailVC.swift in Sources */ = {isa = PBXBuildFile; fileRef = 379C6B482337D9B40071D552 /* ShowDetailVC.swift */; };
		379C6B4B2337D9C70071D552 /* TheaterDetailVC.swift in Sources */ = {isa = PBXBuildFile; fileRef = 379C6B4A2337D9C70071D552 /* TheaterDetailVC.swift */; };
		37C9698123606560003F9551 /* Shape.swift in Sources */ = {isa = PBXBuildFile; fileRef = 37C9698023606560003F9551 /* Shape.swift */; };
		37C9698823606587003F9551 /* MapModel.swift in Sources */ = {isa = PBXBuildFile; fileRef = 37C9698323606587003F9551 /* MapModel.swift */; };
		37C9698923606587003F9551 /* DetailInfoModel.swift in Sources */ = {isa = PBXBuildFile; fileRef = 37C9698423606587003F9551 /* DetailInfoModel.swift */; };
		37C9698A23606587003F9551 /* InfoModel.swift in Sources */ = {isa = PBXBuildFile; fileRef = 37C9698523606587003F9551 /* InfoModel.swift */; };
		37C9698B23606587003F9551 /* SearchModel.swift in Sources */ = {isa = PBXBuildFile; fileRef = 37C9698623606587003F9551 /* SearchModel.swift */; };
		37C9698D236065A4003F9551 /* Genre.swift in Sources */ = {isa = PBXBuildFile; fileRef = 37C9698C236065A4003F9551 /* Genre.swift */; };
		37C9698F236065B0003F9551 /* InfoVC.swift in Sources */ = {isa = PBXBuildFile; fileRef = 37C9698E236065B0003F9551 /* InfoVC.swift */; };
		37C969942366F9E7003F9551 /* ShowDetailTheaterCell.swift in Sources */ = {isa = PBXBuildFile; fileRef = 37C969922366F9E7003F9551 /* ShowDetailTheaterCell.swift */; };
		37C969952366F9E7003F9551 /* ShowDetailTheaterCell.xib in Resources */ = {isa = PBXBuildFile; fileRef = 37C969932366F9E7003F9551 /* ShowDetailTheaterCell.xib */; };
		37E55F0D233786B200DFDE6F /* HomeModalVC.swift in Sources */ = {isa = PBXBuildFile; fileRef = 37E55F0B233786B200DFDE6F /* HomeModalVC.swift */; };
		37E55F0E233786B200DFDE6F /* HomeModalVC.xib in Resources */ = {isa = PBXBuildFile; fileRef = 37E55F0C233786B200DFDE6F /* HomeModalVC.xib */; };
		C5905E4D83539CF91BE406DA /* Pods_S2oul.framework in Frameworks */ = {isa = PBXBuildFile; fileRef = 9749BDD92E387A5C7F67AB1D /* Pods_S2oul.framework */; };
		D65FECFD235074980084557D /* SoulURL.swift in Sources */ = {isa = PBXBuildFile; fileRef = D65FECFC235074980084557D /* SoulURL.swift */; };
		D65FECFF235074AC0084557D /* HTTPClient.swift in Sources */ = {isa = PBXBuildFile; fileRef = D65FECFE235074AC0084557D /* HTTPClient.swift */; };
		D6A7C167235F46E60072712F /* SoulDelegate.swift in Sources */ = {isa = PBXBuildFile; fileRef = D6A7C166235F46E60072712F /* SoulDelegate.swift */; };
		D6EEA8222350C681000111B1 /* Provider.swift in Sources */ = {isa = PBXBuildFile; fileRef = D6EEA8212350C681000111B1 /* Provider.swift */; };
/* End PBXBuildFile section */

/* Begin PBXFileReference section */
		043E357F8F88CBF1919663A9 /* Pods-S2oul.debug.xcconfig */ = {isa = PBXFileReference; includeInIndex = 1; lastKnownFileType = text.xcconfig; name = "Pods-S2oul.debug.xcconfig"; path = "Target Support Files/Pods-S2oul/Pods-S2oul.debug.xcconfig"; sourceTree = "<group>"; };
		3720291E233854FB00AE7E5D /* AShowInMotionCollectionViewCell.swift */ = {isa = PBXFileReference; lastKnownFileType = sourcecode.swift; path = AShowInMotionCollectionViewCell.swift; sourceTree = "<group>"; };
		3720291F233854FB00AE7E5D /* AShowInMotionCollectionViewCell.xib */ = {isa = PBXFileReference; lastKnownFileType = file.xib; path = AShowInMotionCollectionViewCell.xib; sourceTree = "<group>"; };
		372029222338AA9500AE7E5D /* MapVC.swift */ = {isa = PBXFileReference; lastKnownFileType = sourcecode.swift; path = MapVC.swift; sourceTree = "<group>"; };
		373CC93323399F140081104E /* SortAndGenreVC.swift */ = {isa = PBXFileReference; lastKnownFileType = sourcecode.swift; path = SortAndGenreVC.swift; sourceTree = "<group>"; };
		374E9FF423390B130081E116 /* SoulSegmentedControl.swift */ = {isa = PBXFileReference; lastKnownFileType = sourcecode.swift; path = SoulSegmentedControl.swift; sourceTree = "<group>"; };
		3753A72223324B530075592C /* S2oul.app */ = {isa = PBXFileReference; explicitFileType = wrapper.application; includeInIndex = 0; path = S2oul.app; sourceTree = BUILT_PRODUCTS_DIR; };
		3753A72523324B530075592C /* AppDelegate.swift */ = {isa = PBXFileReference; lastKnownFileType = sourcecode.swift; path = AppDelegate.swift; sourceTree = "<group>"; };
		3753A72A23324B530075592C /* Base */ = {isa = PBXFileReference; lastKnownFileType = file.storyboard; name = Base; path = Base.lproj/Main.storyboard; sourceTree = "<group>"; };
		3753A72C23324B560075592C /* Assets.xcassets */ = {isa = PBXFileReference; lastKnownFileType = folder.assetcatalog; path = Assets.xcassets; sourceTree = "<group>"; };
		3753A72F23324B560075592C /* Base */ = {isa = PBXFileReference; lastKnownFileType = file.storyboard; name = Base; path = Base.lproj/LaunchScreen.storyboard; sourceTree = "<group>"; };
		3753A73123324B560075592C /* Info.plist */ = {isa = PBXFileReference; lastKnownFileType = text.plist.xml; path = Info.plist; sourceTree = "<group>"; };
		3753A74A2333C6DD0075592C /* HomeCollectionViewCell.swift */ = {isa = PBXFileReference; lastKnownFileType = sourcecode.swift; path = HomeCollectionViewCell.swift; sourceTree = "<group>"; };
		3753A74B2333C6DD0075592C /* HomeCollectionViewCell.xib */ = {isa = PBXFileReference; lastKnownFileType = file.xib; path = HomeCollectionViewCell.xib; sourceTree = "<group>"; };
		3753A7502334BC8B0075592C /* HomeVC.swift */ = {isa = PBXFileReference; lastKnownFileType = sourcecode.swift; path = HomeVC.swift; sourceTree = "<group>"; };
		3753A7532334C17A0075592C /* Seoulnamsan_BL.otf */ = {isa = PBXFileReference; lastKnownFileType = file; path = Seoulnamsan_BL.otf; sourceTree = "<group>"; };
		3753A7542334C17B0075592C /* Seoulnamsan_EB.otf */ = {isa = PBXFileReference; lastKnownFileType = file; path = Seoulnamsan_EB.otf; sourceTree = "<group>"; };
		3753A7552334C17B0075592C /* Seoulnamsan_L.otf */ = {isa = PBXFileReference; lastKnownFileType = file; path = Seoulnamsan_L.otf; sourceTree = "<group>"; };
		3753A7562334C17B0075592C /* Seoulnamsan_M.otf */ = {isa = PBXFileReference; lastKnownFileType = file; path = Seoulnamsan_M.otf; sourceTree = "<group>"; };
		3753A7572334C17B0075592C /* Seoulnamsan_B.otf */ = {isa = PBXFileReference; lastKnownFileType = file; path = Seoulnamsan_B.otf; sourceTree = "<group>"; };
		3753A75E2335B7330075592C /* 연우소극장.jpg */ = {isa = PBXFileReference; lastKnownFileType = image.jpeg; path = "연우소극장.jpg"; sourceTree = "<group>"; };
		3753A75F2335B7330075592C /* 대학로 스튜디오 76.jpg */ = {isa = PBXFileReference; lastKnownFileType = image.jpeg; path = "대학로 스튜디오 76.jpg"; sourceTree = "<group>"; };
		3753A7602335B7330075592C /* 선돌극장.jpg */ = {isa = PBXFileReference; lastKnownFileType = image.jpeg; path = "선돌극장.jpg"; sourceTree = "<group>"; };
		3753A7612335B7340075592C /* 소극장 혜화당.jpg */ = {isa = PBXFileReference; lastKnownFileType = image.jpeg; path = "소극장 혜화당.jpg"; sourceTree = "<group>"; };
		3753A7622335B7340075592C /* 드림시어터.jpg */ = {isa = PBXFileReference; lastKnownFileType = image.jpeg; path = "드림시어터.jpg"; sourceTree = "<group>"; };
		3753A7632335B7340075592C /* 극장 동국.jpg */ = {isa = PBXFileReference; lastKnownFileType = image.jpeg; path = "극장 동국.jpg"; sourceTree = "<group>"; };
		3753A7642335B7340075592C /* 예술공간 오르다.jpg */ = {isa = PBXFileReference; lastKnownFileType = image.jpeg; path = "예술공간 오르다.jpg"; sourceTree = "<group>"; };
		3753A7652335B7350075592C /* 아름다운극장.jpg */ = {isa = PBXFileReference; lastKnownFileType = image.jpeg; path = "아름다운극장.jpg"; sourceTree = "<group>"; };
		3753A7662335B7350075592C /* 노을소극장.jpg */ = {isa = PBXFileReference; lastKnownFileType = image.jpeg; path = "노을소극장.jpg"; sourceTree = "<group>"; };
		3753A7672335B7350075592C /* 예술공간 혜화.jpg */ = {isa = PBXFileReference; lastKnownFileType = image.jpeg; path = "예술공간 혜화.jpg"; sourceTree = "<group>"; };
		3753A7682335B7350075592C /* 지즐소극장.jpg */ = {isa = PBXFileReference; lastKnownFileType = image.jpeg; path = "지즐소극장.jpg"; sourceTree = "<group>"; };
		3753A7692335B7350075592C /* 나온씨어터.jpg */ = {isa = PBXFileReference; lastKnownFileType = image.jpeg; path = "나온씨어터.jpg"; sourceTree = "<group>"; };
		3753A76A2335B7350075592C /* 연극실험실 혜화동1번지.jpg */ = {isa = PBXFileReference; lastKnownFileType = image.jpeg; path = "연극실험실 혜화동1번지.jpg"; sourceTree = "<group>"; };
		3753A76B2335B7350075592C /* 예술공간 서울.jpg */ = {isa = PBXFileReference; lastKnownFileType = image.jpeg; path = "예술공간 서울.jpg"; sourceTree = "<group>"; };
		3753A76C2335B7360075592C /* 소극장 공유.jpg */ = {isa = PBXFileReference; lastKnownFileType = image.jpeg; path = "소극장 공유.jpg"; sourceTree = "<group>"; };
		377C30802336114800547904 /* SearchVC.swift */ = {isa = PBXFileReference; lastKnownFileType = sourcecode.swift; path = SearchVC.swift; sourceTree = "<group>"; };
		377C30832336160800547904 /* SearchHistoryTableViewCell.swift */ = {isa = PBXFileReference; lastKnownFileType = sourcecode.swift; path = SearchHistoryTableViewCell.swift; sourceTree = "<group>"; };
		377C30842336160800547904 /* SearchHistoryTableViewCell.xib */ = {isa = PBXFileReference; lastKnownFileType = file.xib; path = SearchHistoryTableViewCell.xib; sourceTree = "<group>"; };
		377C308723361EE600547904 /* SearchShowTableViewCell.swift */ = {isa = PBXFileReference; lastKnownFileType = sourcecode.swift; path = SearchShowTableViewCell.swift; sourceTree = "<group>"; };
		377C308823361EE600547904 /* SearchShowTableViewCell.xib */ = {isa = PBXFileReference; lastKnownFileType = file.xib; path = SearchShowTableViewCell.xib; sourceTree = "<group>"; };
		377C308B23361F2100547904 /* SearchTheaterTableViewCell.swift */ = {isa = PBXFileReference; lastKnownFileType = sourcecode.swift; path = SearchTheaterTableViewCell.swift; sourceTree = "<group>"; };
		377C308C23361F2100547904 /* SearchTheaterTableViewCell.xib */ = {isa = PBXFileReference; lastKnownFileType = file.xib; path = SearchTheaterTableViewCell.xib; sourceTree = "<group>"; };
		377C308F23362D3700547904 /* Color.swift */ = {isa = PBXFileReference; lastKnownFileType = sourcecode.swift; path = Color.swift; sourceTree = "<group>"; };
		379C6B3A233798600071D552 /* InfoShowTableViewCell.swift */ = {isa = PBXFileReference; lastKnownFileType = sourcecode.swift; path = InfoShowTableViewCell.swift; sourceTree = "<group>"; };
		379C6B3B233798600071D552 /* InfoShowTableViewCell.xib */ = {isa = PBXFileReference; lastKnownFileType = file.xib; path = InfoShowTableViewCell.xib; sourceTree = "<group>"; };
		379C6B3E233798820071D552 /* InfoTheaterTableViewCell.swift */ = {isa = PBXFileReference; lastKnownFileType = sourcecode.swift; path = InfoTheaterTableViewCell.swift; sourceTree = "<group>"; };
		379C6B3F233798820071D552 /* InfoTheaterTableViewCell.xib */ = {isa = PBXFileReference; lastKnownFileType = file.xib; path = InfoTheaterTableViewCell.xib; sourceTree = "<group>"; };
		379C6B422337D3000071D552 /* Base.swift */ = {isa = PBXFileReference; lastKnownFileType = sourcecode.swift; path = Base.swift; sourceTree = "<group>"; };
		379C6B482337D9B40071D552 /* ShowDetailVC.swift */ = {isa = PBXFileReference; lastKnownFileType = sourcecode.swift; path = ShowDetailVC.swift; sourceTree = "<group>"; };
		379C6B4A2337D9C70071D552 /* TheaterDetailVC.swift */ = {isa = PBXFileReference; lastKnownFileType = sourcecode.swift; path = TheaterDetailVC.swift; sourceTree = "<group>"; };
		37C9698023606560003F9551 /* Shape.swift */ = {isa = PBXFileReference; fileEncoding = 4; lastKnownFileType = sourcecode.swift; path = Shape.swift; sourceTree = "<group>"; };
		37C9698323606587003F9551 /* MapModel.swift */ = {isa = PBXFileReference; fileEncoding = 4; lastKnownFileType = sourcecode.swift; path = MapModel.swift; sourceTree = "<group>"; };
		37C9698423606587003F9551 /* DetailInfoModel.swift */ = {isa = PBXFileReference; fileEncoding = 4; lastKnownFileType = sourcecode.swift; path = DetailInfoModel.swift; sourceTree = "<group>"; };
		37C9698523606587003F9551 /* InfoModel.swift */ = {isa = PBXFileReference; fileEncoding = 4; lastKnownFileType = sourcecode.swift; path = InfoModel.swift; sourceTree = "<group>"; };
		37C9698623606587003F9551 /* SearchModel.swift */ = {isa = PBXFileReference; fileEncoding = 4; lastKnownFileType = sourcecode.swift; path = SearchModel.swift; sourceTree = "<group>"; };
		37C9698C236065A4003F9551 /* Genre.swift */ = {isa = PBXFileReference; fileEncoding = 4; lastKnownFileType = sourcecode.swift; path = Genre.swift; sourceTree = "<group>"; };
		37C9698E236065B0003F9551 /* InfoVC.swift */ = {isa = PBXFileReference; fileEncoding = 4; lastKnownFileType = sourcecode.swift; path = InfoVC.swift; sourceTree = "<group>"; };
		37C969922366F9E7003F9551 /* ShowDetailTheaterCell.swift */ = {isa = PBXFileReference; lastKnownFileType = sourcecode.swift; path = ShowDetailTheaterCell.swift; sourceTree = "<group>"; };
		37C969932366F9E7003F9551 /* ShowDetailTheaterCell.xib */ = {isa = PBXFileReference; lastKnownFileType = file.xib; path = ShowDetailTheaterCell.xib; sourceTree = "<group>"; };
		37E55F0B233786B200DFDE6F /* HomeModalVC.swift */ = {isa = PBXFileReference; lastKnownFileType = sourcecode.swift; path = HomeModalVC.swift; sourceTree = "<group>"; };
		37E55F0C233786B200DFDE6F /* HomeModalVC.xib */ = {isa = PBXFileReference; lastKnownFileType = file.xib; path = HomeModalVC.xib; sourceTree = "<group>"; };
		6043418886EF0ED5D7BB552F /* Pods-S2oul.release.xcconfig */ = {isa = PBXFileReference; includeInIndex = 1; lastKnownFileType = text.xcconfig; name = "Pods-S2oul.release.xcconfig"; path = "Target Support Files/Pods-S2oul/Pods-S2oul.release.xcconfig"; sourceTree = "<group>"; };
		9749BDD92E387A5C7F67AB1D /* Pods_S2oul.framework */ = {isa = PBXFileReference; explicitFileType = wrapper.framework; includeInIndex = 0; path = Pods_S2oul.framework; sourceTree = BUILT_PRODUCTS_DIR; };
		D65FECFC235074980084557D /* SoulURL.swift */ = {isa = PBXFileReference; lastKnownFileType = sourcecode.swift; path = SoulURL.swift; sourceTree = "<group>"; };
		D65FECFE235074AC0084557D /* HTTPClient.swift */ = {isa = PBXFileReference; lastKnownFileType = sourcecode.swift; path = HTTPClient.swift; sourceTree = "<group>"; };
		D6A7C166235F46E60072712F /* SoulDelegate.swift */ = {isa = PBXFileReference; lastKnownFileType = sourcecode.swift; path = SoulDelegate.swift; sourceTree = "<group>"; };
		D6B9E6832351A5EB00CB1C00 /* S2oul.entitlements */ = {isa = PBXFileReference; lastKnownFileType = text.plist.entitlements; path = S2oul.entitlements; sourceTree = "<group>"; };
		D6EEA8212350C681000111B1 /* Provider.swift */ = {isa = PBXFileReference; lastKnownFileType = sourcecode.swift; path = Provider.swift; sourceTree = "<group>"; };
/* End PBXFileReference section */

/* Begin PBXFrameworksBuildPhase section */
		3753A71F23324B530075592C /* Frameworks */ = {
			isa = PBXFrameworksBuildPhase;
			buildActionMask = 2147483647;
			files = (
				C5905E4D83539CF91BE406DA /* Pods_S2oul.framework in Frameworks */,
			);
			runOnlyForDeploymentPostprocessing = 0;
		};
/* End PBXFrameworksBuildPhase section */

/* Begin PBXGroup section */
		3720291923383F5200AE7E5D /* Detail */ = {
			isa = PBXGroup;
			children = (
				3720291E233854FB00AE7E5D /* AShowInMotionCollectionViewCell.swift */,
				3720291F233854FB00AE7E5D /* AShowInMotionCollectionViewCell.xib */,
				37C969922366F9E7003F9551 /* ShowDetailTheaterCell.swift */,
				37C969932366F9E7003F9551 /* ShowDetailTheaterCell.xib */,
			);
			path = Detail;
			sourceTree = "<group>";
		};
		373CC9352339ED0A0081104E /* StaticData */ = {
			isa = PBXGroup;
			children = (
				3753A7522334C16B0075592C /* Font */,
				3753A75D2335B71E0075592C /* TheaterImg */,
			);
			path = StaticData;
			sourceTree = "<group>";
		};
		3753A71923324B530075592C = {
			isa = PBXGroup;
			children = (
				3753A72423324B530075592C /* S2oul */,
				3753A72323324B530075592C /* Products */,
				C4B9335A827B89D6DEADD704 /* Pods */,
				BCD3C50D32A8B4AE7F922DB1 /* Frameworks */,
			);
			sourceTree = "<group>";
		};
		3753A72323324B530075592C /* Products */ = {
			isa = PBXGroup;
			children = (
				3753A72223324B530075592C /* S2oul.app */,
			);
			name = Products;
			sourceTree = "<group>";
		};
		3753A72423324B530075592C /* S2oul */ = {
			isa = PBXGroup;
			children = (
				D6B9E6832351A5EB00CB1C00 /* S2oul.entitlements */,
				373CC9352339ED0A0081104E /* StaticData */,
				3753A73723324B800075592C /* Networking */,
				3753A73B23324BAC0075592C /* Model */,
				3753A73923324B920075592C /* VC */,
				3753A73A23324BA10075592C /* Util */,
				3753A73823324B870075592C /* UI */,
				3753A72523324B530075592C /* AppDelegate.swift */,
				3753A73123324B560075592C /* Info.plist */,
			);
			path = S2oul;
			sourceTree = "<group>";
		};
		3753A73723324B800075592C /* Networking */ = {
			isa = PBXGroup;
			children = (
				D65FECFC235074980084557D /* SoulURL.swift */,
				D65FECFE235074AC0084557D /* HTTPClient.swift */,
				D6EEA8212350C681000111B1 /* Provider.swift */,
			);
			path = Networking;
			sourceTree = "<group>";
		};
		3753A73823324B870075592C /* UI */ = {
			isa = PBXGroup;
			children = (
				377C30822336153E00547904 /* xib */,
				3753A72923324B530075592C /* Main.storyboard */,
				3753A72E23324B560075592C /* LaunchScreen.storyboard */,
				3753A72C23324B560075592C /* Assets.xcassets */,
			);
			path = UI;
			sourceTree = "<group>";
		};
		3753A73923324B920075592C /* VC */ = {
			isa = PBXGroup;
			children = (
				37C9698E236065B0003F9551 /* InfoVC.swift */,
				3753A7502334BC8B0075592C /* HomeVC.swift */,
				377C30802336114800547904 /* SearchVC.swift */,
				379C6B482337D9B40071D552 /* ShowDetailVC.swift */,
				379C6B4A2337D9C70071D552 /* TheaterDetailVC.swift */,
				372029222338AA9500AE7E5D /* MapVC.swift */,
				373CC93323399F140081104E /* SortAndGenreVC.swift */,
			);
			path = VC;
			sourceTree = "<group>";
		};
		3753A73A23324BA10075592C /* Util */ = {
			isa = PBXGroup;
			children = (
				37C9698C236065A4003F9551 /* Genre.swift */,
				37C9698023606560003F9551 /* Shape.swift */,
				377C308F23362D3700547904 /* Color.swift */,
				379C6B422337D3000071D552 /* Base.swift */,
				374E9FF423390B130081E116 /* SoulSegmentedControl.swift */,
				D6A7C166235F46E60072712F /* SoulDelegate.swift */,
			);
			path = Util;
			sourceTree = "<group>";
		};
		3753A73B23324BAC0075592C /* Model */ = {
			isa = PBXGroup;
			children = (
				37C9698423606587003F9551 /* DetailInfoModel.swift */,
				37C9698523606587003F9551 /* InfoModel.swift */,
				37C9698323606587003F9551 /* MapModel.swift */,
				37C9698623606587003F9551 /* SearchModel.swift */,
			);
			path = Model;
			sourceTree = "<group>";
		};
		3753A7522334C16B0075592C /* Font */ = {
			isa = PBXGroup;
			children = (
				3753A7572334C17B0075592C /* Seoulnamsan_B.otf */,
				3753A7532334C17A0075592C /* Seoulnamsan_BL.otf */,
				3753A7542334C17B0075592C /* Seoulnamsan_EB.otf */,
				3753A7552334C17B0075592C /* Seoulnamsan_L.otf */,
				3753A7562334C17B0075592C /* Seoulnamsan_M.otf */,
			);
			path = Font;
			sourceTree = "<group>";
		};
		3753A75D2335B71E0075592C /* TheaterImg */ = {
			isa = PBXGroup;
			children = (
				3753A7632335B7340075592C /* 극장 동국.jpg */,
				3753A7692335B7350075592C /* 나온씨어터.jpg */,
				3753A7662335B7350075592C /* 노을소극장.jpg */,
				3753A75F2335B7330075592C /* 대학로 스튜디오 76.jpg */,
				3753A7622335B7340075592C /* 드림시어터.jpg */,
				3753A7602335B7330075592C /* 선돌극장.jpg */,
				3753A76C2335B7360075592C /* 소극장 공유.jpg */,
				3753A7612335B7340075592C /* 소극장 혜화당.jpg */,
				3753A7652335B7350075592C /* 아름다운극장.jpg */,
				3753A76A2335B7350075592C /* 연극실험실 혜화동1번지.jpg */,
				3753A75E2335B7330075592C /* 연우소극장.jpg */,
				3753A76B2335B7350075592C /* 예술공간 서울.jpg */,
				3753A7642335B7340075592C /* 예술공간 오르다.jpg */,
				3753A7672335B7350075592C /* 예술공간 혜화.jpg */,
				3753A7682335B7350075592C /* 지즐소극장.jpg */,
			);
			path = TheaterImg;
			sourceTree = "<group>";
		};
		377C30822336153E00547904 /* xib */ = {
			isa = PBXGroup;
			children = (
				3720291923383F5200AE7E5D /* Detail */,
				379C6B39233798520071D552 /* Info */,
				377C309223364CBB00547904 /* Home */,
				377C309123364C6300547904 /* Search */,
			);
			path = xib;
			sourceTree = "<group>";
		};
		377C309123364C6300547904 /* Search */ = {
			isa = PBXGroup;
			children = (
				377C30832336160800547904 /* SearchHistoryTableViewCell.swift */,
				377C30842336160800547904 /* SearchHistoryTableViewCell.xib */,
				377C308723361EE600547904 /* SearchShowTableViewCell.swift */,
				377C308823361EE600547904 /* SearchShowTableViewCell.xib */,
				377C308B23361F2100547904 /* SearchTheaterTableViewCell.swift */,
				377C308C23361F2100547904 /* SearchTheaterTableViewCell.xib */,
			);
			path = Search;
			sourceTree = "<group>";
		};
		377C309223364CBB00547904 /* Home */ = {
			isa = PBXGroup;
			children = (
				3753A74B2333C6DD0075592C /* HomeCollectionViewCell.xib */,
				3753A74A2333C6DD0075592C /* HomeCollectionViewCell.swift */,
				37E55F0C233786B200DFDE6F /* HomeModalVC.xib */,
				37E55F0B233786B200DFDE6F /* HomeModalVC.swift */,
			);
			path = Home;
			sourceTree = "<group>";
		};
		379C6B39233798520071D552 /* Info */ = {
			isa = PBXGroup;
			children = (
				379C6B3A233798600071D552 /* InfoShowTableViewCell.swift */,
				379C6B3B233798600071D552 /* InfoShowTableViewCell.xib */,
				379C6B3E233798820071D552 /* InfoTheaterTableViewCell.swift */,
				379C6B3F233798820071D552 /* InfoTheaterTableViewCell.xib */,
			);
			path = Info;
			sourceTree = "<group>";
		};
		BCD3C50D32A8B4AE7F922DB1 /* Frameworks */ = {
			isa = PBXGroup;
			children = (
				9749BDD92E387A5C7F67AB1D /* Pods_S2oul.framework */,
			);
			name = Frameworks;
			sourceTree = "<group>";
		};
		C4B9335A827B89D6DEADD704 /* Pods */ = {
			isa = PBXGroup;
			children = (
				043E357F8F88CBF1919663A9 /* Pods-S2oul.debug.xcconfig */,
				6043418886EF0ED5D7BB552F /* Pods-S2oul.release.xcconfig */,
			);
			path = Pods;
			sourceTree = "<group>";
		};
/* End PBXGroup section */

/* Begin PBXNativeTarget section */
		3753A72123324B530075592C /* S2oul */ = {
			isa = PBXNativeTarget;
			buildConfigurationList = 3753A73423324B560075592C /* Build configuration list for PBXNativeTarget "S2oul" */;
			buildPhases = (
				A5CDA6A21900FF71E6EAD743 /* [CP] Check Pods Manifest.lock */,
				3753A71E23324B530075592C /* Sources */,
				3753A71F23324B530075592C /* Frameworks */,
				3753A72023324B530075592C /* Resources */,
				68286ADA162274D6A2FF8E35 /* [CP] Embed Pods Frameworks */,
				E50CAFAF421BC50A63B545DB /* [CP] Copy Pods Resources */,
			);
			buildRules = (
			);
			dependencies = (
			);
			name = S2oul;
			productName = S2oul;
			productReference = 3753A72223324B530075592C /* S2oul.app */;
			productType = "com.apple.product-type.application";
		};
/* End PBXNativeTarget section */

/* Begin PBXProject section */
		3753A71A23324B530075592C /* Project object */ = {
			isa = PBXProject;
			attributes = {
				LastSwiftUpdateCheck = 1030;
				LastUpgradeCheck = 1110;
				ORGANIZATIONNAME = baby1234;
				TargetAttributes = {
					3753A72123324B530075592C = {
						CreatedOnToolsVersion = 10.3;
					};
				};
			};
			buildConfigurationList = 3753A71D23324B530075592C /* Build configuration list for PBXProject "S2oul" */;
			compatibilityVersion = "Xcode 9.3";
			developmentRegion = en;
			hasScannedForEncodings = 0;
			knownRegions = (
				en,
				Base,
			);
			mainGroup = 3753A71923324B530075592C;
			productRefGroup = 3753A72323324B530075592C /* Products */;
			projectDirPath = "";
			projectRoot = "";
			targets = (
				3753A72123324B530075592C /* S2oul */,
			);
		};
/* End PBXProject section */

/* Begin PBXResourcesBuildPhase section */
		3753A72023324B530075592C /* Resources */ = {
			isa = PBXResourcesBuildPhase;
			buildActionMask = 2147483647;
			files = (
				3753A7712335B7360075592C /* 드림시어터.jpg in Resources */,
				3753A7762335B7360075592C /* 예술공간 혜화.jpg in Resources */,
				3753A76D2335B7360075592C /* 연우소극장.jpg in Resources */,
				37E55F0E233786B200DFDE6F /* HomeModalVC.xib in Resources */,
				379C6B3D233798600071D552 /* InfoShowTableViewCell.xib in Resources */,
				377C308E23361F2100547904 /* SearchTheaterTableViewCell.xib in Resources */,
				3753A7772335B7360075592C /* 지즐소극장.jpg in Resources */,
				3753A73023324B560075592C /* LaunchScreen.storyboard in Resources */,
				3753A72D23324B560075592C /* Assets.xcassets in Resources */,
				379C6B41233798820071D552 /* InfoTheaterTableViewCell.xib in Resources */,
				3753A72B23324B530075592C /* Main.storyboard in Resources */,
				37C969952366F9E7003F9551 /* ShowDetailTheaterCell.xib in Resources */,
				3753A74D2333C6DD0075592C /* HomeCollectionViewCell.xib in Resources */,
				3753A7592334C1870075592C /* Seoulnamsan_BL.otf in Resources */,
				3753A75B2334C18D0075592C /* Seoulnamsan_L.otf in Resources */,
				37202921233854FB00AE7E5D /* AShowInMotionCollectionViewCell.xib in Resources */,
				3753A7722335B7360075592C /* 극장 동국.jpg in Resources */,
				377C308A23361EE600547904 /* SearchShowTableViewCell.xib in Resources */,
				3753A7752335B7360075592C /* 노을소극장.jpg in Resources */,
				3753A7732335B7360075592C /* 예술공간 오르다.jpg in Resources */,
				3753A76E2335B7360075592C /* 대학로 스튜디오 76.jpg in Resources */,
				3753A75A2334C18B0075592C /* Seoulnamsan_EB.otf in Resources */,
				3753A7742335B7360075592C /* 아름다운극장.jpg in Resources */,
				3753A75C2334C1900075592C /* Seoulnamsan_M.otf in Resources */,
				3753A77A2335B7360075592C /* 예술공간 서울.jpg in Resources */,
				3753A7782335B7360075592C /* 나온씨어터.jpg in Resources */,
				3753A76F2335B7360075592C /* 선돌극장.jpg in Resources */,
				3753A7582334C1840075592C /* Seoulnamsan_B.otf in Resources */,
				3753A77B2335B7360075592C /* 소극장 공유.jpg in Resources */,
				3753A7792335B7360075592C /* 연극실험실 혜화동1번지.jpg in Resources */,
				377C30862336160800547904 /* SearchHistoryTableViewCell.xib in Resources */,
				3753A7702335B7360075592C /* 소극장 혜화당.jpg in Resources */,
			);
			runOnlyForDeploymentPostprocessing = 0;
		};
/* End PBXResourcesBuildPhase section */

/* Begin PBXShellScriptBuildPhase section */
		68286ADA162274D6A2FF8E35 /* [CP] Embed Pods Frameworks */ = {
			isa = PBXShellScriptBuildPhase;
			buildActionMask = 2147483647;
			files = (
			);
			inputFileListPaths = (
				"${PODS_ROOT}/Target Support Files/Pods-S2oul/Pods-S2oul-frameworks-${CONFIGURATION}-input-files.xcfilelist",
			);
			name = "[CP] Embed Pods Frameworks";
			outputFileListPaths = (
				"${PODS_ROOT}/Target Support Files/Pods-S2oul/Pods-S2oul-frameworks-${CONFIGURATION}-output-files.xcfilelist",
			);
			runOnlyForDeploymentPostprocessing = 0;
			shellPath = /bin/sh;
			shellScript = "\"${PODS_ROOT}/Target Support Files/Pods-S2oul/Pods-S2oul-frameworks.sh\"\n";
			showEnvVarsInLog = 0;
		};
		A5CDA6A21900FF71E6EAD743 /* [CP] Check Pods Manifest.lock */ = {
			isa = PBXShellScriptBuildPhase;
			buildActionMask = 2147483647;
			files = (
			);
			inputFileListPaths = (
			);
			inputPaths = (
				"${PODS_PODFILE_DIR_PATH}/Podfile.lock",
				"${PODS_ROOT}/Manifest.lock",
			);
			name = "[CP] Check Pods Manifest.lock";
			outputFileListPaths = (
			);
			outputPaths = (
				"$(DERIVED_FILE_DIR)/Pods-S2oul-checkManifestLockResult.txt",
			);
			runOnlyForDeploymentPostprocessing = 0;
			shellPath = /bin/sh;
			shellScript = "diff \"${PODS_PODFILE_DIR_PATH}/Podfile.lock\" \"${PODS_ROOT}/Manifest.lock\" > /dev/null\nif [ $? != 0 ] ; then\n    # print error to STDERR\n    echo \"error: The sandbox is not in sync with the Podfile.lock. Run 'pod install' or update your CocoaPods installation.\" >&2\n    exit 1\nfi\n# This output is used by Xcode 'outputs' to avoid re-running this script phase.\necho \"SUCCESS\" > \"${SCRIPT_OUTPUT_FILE_0}\"\n";
			showEnvVarsInLog = 0;
		};
		E50CAFAF421BC50A63B545DB /* [CP] Copy Pods Resources */ = {
			isa = PBXShellScriptBuildPhase;
			buildActionMask = 2147483647;
			files = (
			);
			inputFileListPaths = (
				"${PODS_ROOT}/Target Support Files/Pods-S2oul/Pods-S2oul-resources-${CONFIGURATION}-input-files.xcfilelist",
			);
			name = "[CP] Copy Pods Resources";
			outputFileListPaths = (
				"${PODS_ROOT}/Target Support Files/Pods-S2oul/Pods-S2oul-resources-${CONFIGURATION}-output-files.xcfilelist",
			);
			runOnlyForDeploymentPostprocessing = 0;
			shellPath = /bin/sh;
			shellScript = "\"${PODS_ROOT}/Target Support Files/Pods-S2oul/Pods-S2oul-resources.sh\"\n";
			showEnvVarsInLog = 0;
		};
/* End PBXShellScriptBuildPhase section */

/* Begin PBXSourcesBuildPhase section */
		3753A71E23324B530075592C /* Sources */ = {
			isa = PBXSourcesBuildPhase;
			buildActionMask = 2147483647;
			files = (
				37C9698A23606587003F9551 /* InfoModel.swift in Sources */,
				37C9698923606587003F9551 /* DetailInfoModel.swift in Sources */,
				37202920233854FB00AE7E5D /* AShowInMotionCollectionViewCell.swift in Sources */,
				37C9698B23606587003F9551 /* SearchModel.swift in Sources */,
				37C9698F236065B0003F9551 /* InfoVC.swift in Sources */,
				377C30812336114800547904 /* SearchVC.swift in Sources */,
				373CC93423399F140081104E /* SortAndGenreVC.swift in Sources */,
				D65FECFD235074980084557D /* SoulURL.swift in Sources */,
				3753A7512334BC8B0075592C /* HomeVC.swift in Sources */,
				37C9698D236065A4003F9551 /* Genre.swift in Sources */,
				D6EEA8222350C681000111B1 /* Provider.swift in Sources */,
				377C309023362D3700547904 /* Color.swift in Sources */,
				374E9FF523390B130081E116 /* SoulSegmentedControl.swift in Sources */,
				379C6B4B2337D9C70071D552 /* TheaterDetailVC.swift in Sources */,
				3753A72623324B530075592C /* AppDelegate.swift in Sources */,
				379C6B3C233798600071D552 /* InfoShowTableViewCell.swift in Sources */,
				377C308D23361F2100547904 /* SearchTheaterTableViewCell.swift in Sources */,
				372029232338AA9500AE7E5D /* MapVC.swift in Sources */,
				37E55F0D233786B200DFDE6F /* HomeModalVC.swift in Sources */,
				379C6B492337D9B40071D552 /* ShowDetailVC.swift in Sources */,
				3753A74C2333C6DD0075592C /* HomeCollectionViewCell.swift in Sources */,
				37C9698823606587003F9551 /* MapModel.swift in Sources */,
				379C6B40233798820071D552 /* InfoTheaterTableViewCell.swift in Sources */,
				377C308923361EE600547904 /* SearchShowTableViewCell.swift in Sources */,
				37C9698123606560003F9551 /* Shape.swift in Sources */,
				D65FECFF235074AC0084557D /* HTTPClient.swift in Sources */,
				379C6B432337D3000071D552 /* Base.swift in Sources */,
				377C30852336160800547904 /* SearchHistoryTableViewCell.swift in Sources */,
				D6A7C167235F46E60072712F /* SoulDelegate.swift in Sources */,
				37C969942366F9E7003F9551 /* ShowDetailTheaterCell.swift in Sources */,
			);
			runOnlyForDeploymentPostprocessing = 0;
		};
/* End PBXSourcesBuildPhase section */

/* Begin PBXVariantGroup section */
		3753A72923324B530075592C /* Main.storyboard */ = {
			isa = PBXVariantGroup;
			children = (
				3753A72A23324B530075592C /* Base */,
			);
			name = Main.storyboard;
			sourceTree = "<group>";
		};
		3753A72E23324B560075592C /* LaunchScreen.storyboard */ = {
			isa = PBXVariantGroup;
			children = (
				3753A72F23324B560075592C /* Base */,
			);
			name = LaunchScreen.storyboard;
			sourceTree = "<group>";
		};
/* End PBXVariantGroup section */

/* Begin XCBuildConfiguration section */
		3753A73223324B560075592C /* Debug */ = {
			isa = XCBuildConfiguration;
			buildSettings = {
				ALWAYS_SEARCH_USER_PATHS = NO;
				CLANG_ANALYZER_NONNULL = YES;
				CLANG_ANALYZER_NUMBER_OBJECT_CONVERSION = YES_AGGRESSIVE;
				CLANG_CXX_LANGUAGE_STANDARD = "gnu++14";
				CLANG_CXX_LIBRARY = "libc++";
				CLANG_ENABLE_MODULES = YES;
				CLANG_ENABLE_OBJC_ARC = YES;
				CLANG_ENABLE_OBJC_WEAK = YES;
				CLANG_WARN_BLOCK_CAPTURE_AUTORELEASING = YES;
				CLANG_WARN_BOOL_CONVERSION = YES;
				CLANG_WARN_COMMA = YES;
				CLANG_WARN_CONSTANT_CONVERSION = YES;
				CLANG_WARN_DEPRECATED_OBJC_IMPLEMENTATIONS = YES;
				CLANG_WARN_DIRECT_OBJC_ISA_USAGE = YES_ERROR;
				CLANG_WARN_DOCUMENTATION_COMMENTS = YES;
				CLANG_WARN_EMPTY_BODY = YES;
				CLANG_WARN_ENUM_CONVERSION = YES;
				CLANG_WARN_INFINITE_RECURSION = YES;
				CLANG_WARN_INT_CONVERSION = YES;
				CLANG_WARN_NON_LITERAL_NULL_CONVERSION = YES;
				CLANG_WARN_OBJC_IMPLICIT_RETAIN_SELF = YES;
				CLANG_WARN_OBJC_LITERAL_CONVERSION = YES;
				CLANG_WARN_OBJC_ROOT_CLASS = YES_ERROR;
				CLANG_WARN_RANGE_LOOP_ANALYSIS = YES;
				CLANG_WARN_STRICT_PROTOTYPES = YES;
				CLANG_WARN_SUSPICIOUS_MOVE = YES;
				CLANG_WARN_UNGUARDED_AVAILABILITY = YES_AGGRESSIVE;
				CLANG_WARN_UNREACHABLE_CODE = YES;
				CLANG_WARN__DUPLICATE_METHOD_MATCH = YES;
				CODE_SIGN_IDENTITY = "iPhone Developer";
				COPY_PHASE_STRIP = NO;
				DEBUG_INFORMATION_FORMAT = dwarf;
				ENABLE_STRICT_OBJC_MSGSEND = YES;
				ENABLE_TESTABILITY = YES;
				GCC_C_LANGUAGE_STANDARD = gnu11;
				GCC_DYNAMIC_NO_PIC = NO;
				GCC_NO_COMMON_BLOCKS = YES;
				GCC_OPTIMIZATION_LEVEL = 0;
				GCC_PREPROCESSOR_DEFINITIONS = (
					"DEBUG=1",
					"$(inherited)",
				);
				GCC_WARN_64_TO_32_BIT_CONVERSION = YES;
				GCC_WARN_ABOUT_RETURN_TYPE = YES_ERROR;
				GCC_WARN_UNDECLARED_SELECTOR = YES;
				GCC_WARN_UNINITIALIZED_AUTOS = YES_AGGRESSIVE;
				GCC_WARN_UNUSED_FUNCTION = YES;
				GCC_WARN_UNUSED_VARIABLE = YES;
				IPHONEOS_DEPLOYMENT_TARGET = 13.1;
				MTL_ENABLE_DEBUG_INFO = INCLUDE_SOURCE;
				MTL_FAST_MATH = YES;
				ONLY_ACTIVE_ARCH = YES;
				SDKROOT = iphoneos;
				SWIFT_ACTIVE_COMPILATION_CONDITIONS = DEBUG;
				SWIFT_OPTIMIZATION_LEVEL = "-Onone";
			};
			name = Debug;
		};
		3753A73323324B560075592C /* Release */ = {
			isa = XCBuildConfiguration;
			buildSettings = {
				ALWAYS_SEARCH_USER_PATHS = NO;
				CLANG_ANALYZER_NONNULL = YES;
				CLANG_ANALYZER_NUMBER_OBJECT_CONVERSION = YES_AGGRESSIVE;
				CLANG_CXX_LANGUAGE_STANDARD = "gnu++14";
				CLANG_CXX_LIBRARY = "libc++";
				CLANG_ENABLE_MODULES = YES;
				CLANG_ENABLE_OBJC_ARC = YES;
				CLANG_ENABLE_OBJC_WEAK = YES;
				CLANG_WARN_BLOCK_CAPTURE_AUTORELEASING = YES;
				CLANG_WARN_BOOL_CONVERSION = YES;
				CLANG_WARN_COMMA = YES;
				CLANG_WARN_CONSTANT_CONVERSION = YES;
				CLANG_WARN_DEPRECATED_OBJC_IMPLEMENTATIONS = YES;
				CLANG_WARN_DIRECT_OBJC_ISA_USAGE = YES_ERROR;
				CLANG_WARN_DOCUMENTATION_COMMENTS = YES;
				CLANG_WARN_EMPTY_BODY = YES;
				CLANG_WARN_ENUM_CONVERSION = YES;
				CLANG_WARN_INFINITE_RECURSION = YES;
				CLANG_WARN_INT_CONVERSION = YES;
				CLANG_WARN_NON_LITERAL_NULL_CONVERSION = YES;
				CLANG_WARN_OBJC_IMPLICIT_RETAIN_SELF = YES;
				CLANG_WARN_OBJC_LITERAL_CONVERSION = YES;
				CLANG_WARN_OBJC_ROOT_CLASS = YES_ERROR;
				CLANG_WARN_RANGE_LOOP_ANALYSIS = YES;
				CLANG_WARN_STRICT_PROTOTYPES = YES;
				CLANG_WARN_SUSPICIOUS_MOVE = YES;
				CLANG_WARN_UNGUARDED_AVAILABILITY = YES_AGGRESSIVE;
				CLANG_WARN_UNREACHABLE_CODE = YES;
				CLANG_WARN__DUPLICATE_METHOD_MATCH = YES;
				CODE_SIGN_IDENTITY = "iPhone Developer";
				COPY_PHASE_STRIP = NO;
				DEBUG_INFORMATION_FORMAT = "dwarf-with-dsym";
				ENABLE_NS_ASSERTIONS = NO;
				ENABLE_STRICT_OBJC_MSGSEND = YES;
				GCC_C_LANGUAGE_STANDARD = gnu11;
				GCC_NO_COMMON_BLOCKS = YES;
				GCC_WARN_64_TO_32_BIT_CONVERSION = YES;
				GCC_WARN_ABOUT_RETURN_TYPE = YES_ERROR;
				GCC_WARN_UNDECLARED_SELECTOR = YES;
				GCC_WARN_UNINITIALIZED_AUTOS = YES_AGGRESSIVE;
				GCC_WARN_UNUSED_FUNCTION = YES;
				GCC_WARN_UNUSED_VARIABLE = YES;
				IPHONEOS_DEPLOYMENT_TARGET = 13.1;
				MTL_ENABLE_DEBUG_INFO = NO;
				MTL_FAST_MATH = YES;
				SDKROOT = iphoneos;
				SWIFT_COMPILATION_MODE = wholemodule;
				SWIFT_OPTIMIZATION_LEVEL = "-Onone";
				VALIDATE_PRODUCT = YES;
			};
			name = Release;
		};
		3753A73523324B560075592C /* Debug */ = {
			isa = XCBuildConfiguration;
			baseConfigurationReference = 043E357F8F88CBF1919663A9 /* Pods-S2oul.debug.xcconfig */;
			buildSettings = {
				ASSETCATALOG_COMPILER_APPICON_NAME = AppIcon;
				CODE_SIGN_ENTITLEMENTS = S2oul/S2oul.entitlements;
				CODE_SIGN_IDENTITY = "Apple Development";
				CODE_SIGN_STYLE = Automatic;
				DEVELOPMENT_ASSET_PATHS = "";
				DEVELOPMENT_TEAM = VY4FNTH9C6;
				INFOPLIST_FILE = S2oul/Info.plist;
				IPHONEOS_DEPLOYMENT_TARGET = 13.1;
				LD_RUNPATH_SEARCH_PATHS = (
					"$(inherited)",
					"@executable_path/Frameworks",
				);
				NEW_SETTING = "";
				PRODUCT_BUNDLE_IDENTIFIER = dsm.gram.S2oul;
				PRODUCT_NAME = S2oul;
				PROVISIONING_PROFILE_SPECIFIER = "";
				SUPPORTS_MACCATALYST = NO;
				SWIFT_VERSION = 5.0;
				TARGETED_DEVICE_FAMILY = 1;
			};
			name = Debug;
		};
		3753A73623324B560075592C /* Release */ = {
			isa = XCBuildConfiguration;
			baseConfigurationReference = 6043418886EF0ED5D7BB552F /* Pods-S2oul.release.xcconfig */;
			buildSettings = {
				ASSETCATALOG_COMPILER_APPICON_NAME = AppIcon;
				CODE_SIGN_ENTITLEMENTS = S2oul/S2oul.entitlements;
				CODE_SIGN_IDENTITY = "Apple Development";
				CODE_SIGN_STYLE = Automatic;
				DEVELOPMENT_ASSET_PATHS = "";
				DEVELOPMENT_TEAM = VY4FNTH9C6;
				INFOPLIST_FILE = S2oul/Info.plist;
				IPHONEOS_DEPLOYMENT_TARGET = 13.1;
				LD_RUNPATH_SEARCH_PATHS = (
					"$(inherited)",
					"@executable_path/Frameworks",
				);
				NEW_SETTING = "";
				PRODUCT_BUNDLE_IDENTIFIER = dsm.gram.S2oul;
				PRODUCT_NAME = S2oul;
				PROVISIONING_PROFILE_SPECIFIER = "";
				SUPPORTS_MACCATALYST = NO;
				SWIFT_VERSION = 5.0;
				TARGETED_DEVICE_FAMILY = 1;
			};
			name = Release;
		};
/* End XCBuildConfiguration section */

/* Begin XCConfigurationList section */
		3753A71D23324B530075592C /* Build configuration list for PBXProject "S2oul" */ = {
			isa = XCConfigurationList;
			buildConfigurations = (
				3753A73223324B560075592C /* Debug */,
				3753A73323324B560075592C /* Release */,
			);
			defaultConfigurationIsVisible = 0;
			defaultConfigurationName = Release;
		};
		3753A73423324B560075592C /* Build configuration list for PBXNativeTarget "S2oul" */ = {
			isa = XCConfigurationList;
			buildConfigurations = (
				3753A73523324B560075592C /* Debug */,
				3753A73623324B560075592C /* Release */,
			);
			defaultConfigurationIsVisible = 0;
			defaultConfigurationName = Release;
		};
/* End XCConfigurationList section */
	};
	rootObject = 3753A71A23324B530075592C /* Project object */;
}
